
Microsoft Visual Studio Solution File, Format Version 12.00
# Visual Studio 15
VisualStudioVersion = 15.0.27004.2005
MinimumVisualStudioVersion = 10.0.40219.1
Project("{FAE04EC0-301F-11D3-BF4B-00C04F79EFBC}") = "LogViewer", "LogViewer\LogViewer.csproj", "{6F968F13-C60F-4167-9434-69645BC62C53}"
EndProject
Global
	GlobalSection(SolutionConfigurationPlatforms) = preSolution
		Debug|Any CPU = Debug|Any CPU
		Release|Any CPU = Release|Any CPU
	EndGlobalSection
	GlobalSection(ProjectConfigurationPlatforms) = postSolution
		{6F968F13-C60F-4167-9434-69645BC62C53}.Debug|Any CPU.ActiveCfg = Debug|Any CPU
		{6F968F13-C60F-4167-9434-69645BC62C53}.Debug|Any CPU.Build.0 = Debug|Any CPU
		{6F968F13-C60F-4167-9434-69645BC62C53}.Release|Any CPU.ActiveCfg = Release|Any CPU
		{6F968F13-C60F-4167-9434-69645BC62C53}.Release|Any CPU.Build.0 = Release|Any CPU
	EndGlobalSection
	GlobalSection(SolutionProperties) = preSolution
		HideSolutionNode = FALSE
	EndGlobalSection
	GlobalSection(ExtensibilityGlobals) = postSolution
		SolutionGuid = {BE176917-E6E7-4253-9C1F-14D40DCBA73E}
	EndGlobalSection
EndGlobal
